
Microsoft Visual Studio Solution File, Format Version 12.00
# Visual Studio Version 17
VisualStudioVersion = 17.7.34221.43
MinimumVisualStudioVersion = 10.0.40219.1
Project("{FAE04EC0-301F-11D3-BF4B-00C04F79EFBC}") = "random_ornek3", "random_ornek3\random_ornek3.csproj", "{39EB5E96-D0EE-47C0-8338-CFE728479AEC}"
EndProject
Global
	GlobalSection(SolutionConfigurationPlatforms) = preSolution
		Debug|Any CPU = Debug|Any CPU
		Release|Any CPU = Release|Any CPU
	EndGlobalSection
	GlobalSection(ProjectConfigurationPlatforms) = postSolution
		{39EB5E96-D0EE-47C0-8338-CFE728479AEC}.Debug|Any CPU.ActiveCfg = Debug|Any CPU
		{39EB5E96-D0EE-47C0-8338-CFE728479AEC}.Debug|Any CPU.Build.0 = Debug|Any CPU
		{39EB5E96-D0EE-47C0-8338-CFE728479AEC}.Release|Any CPU.ActiveCfg = Release|Any CPU
		{39EB5E96-D0EE-47C0-8338-CFE728479AEC}.Release|Any CPU.Build.0 = Release|Any CPU
	EndGlobalSection
	GlobalSection(SolutionProperties) = preSolution
		HideSolutionNode = FALSE
	EndGlobalSection
	GlobalSection(ExtensibilityGlobals) = postSolution
		SolutionGuid = {FF20B448-D593-4FF5-AC83-5A64F4AE1773}
	EndGlobalSection
EndGlobal
