
Microsoft Visual Studio Solution File, Format Version 12.00
# Visual Studio Version 17
VisualStudioVersion = 17.7.34221.43
MinimumVisualStudioVersion = 10.0.40219.1
Project("{FAE04EC0-301F-11D3-BF4B-00C04F79EFBC}") = "random_ornek2", "random_ornek2\random_ornek2.csproj", "{0CE92CA7-0D97-4F2D-8C12-A47610216313}"
EndProject
Global
	GlobalSection(SolutionConfigurationPlatforms) = preSolution
		Debug|Any CPU = Debug|Any CPU
		Release|Any CPU = Release|Any CPU
	EndGlobalSection
	GlobalSection(ProjectConfigurationPlatforms) = postSolution
		{0CE92CA7-0D97-4F2D-8C12-A47610216313}.Debug|Any CPU.ActiveCfg = Debug|Any CPU
		{0CE92CA7-0D97-4F2D-8C12-A47610216313}.Debug|Any CPU.Build.0 = Debug|Any CPU
		{0CE92CA7-0D97-4F2D-8C12-A47610216313}.Release|Any CPU.ActiveCfg = Release|Any CPU
		{0CE92CA7-0D97-4F2D-8C12-A47610216313}.Release|Any CPU.Build.0 = Release|Any CPU
	EndGlobalSection
	GlobalSection(SolutionProperties) = preSolution
		HideSolutionNode = FALSE
	EndGlobalSection
	GlobalSection(ExtensibilityGlobals) = postSolution
		SolutionGuid = {52433D81-2E4D-48B9-8D63-BEEF1CBBBD63}
	EndGlobalSection
EndGlobal
