
Microsoft Visual Studio Solution File, Format Version 12.00
# Visual Studio Version 17
VisualStudioVersion = 17.7.34009.444
MinimumVisualStudioVersion = 10.0.40219.1
Project("{FAE04EC0-301F-11D3-BF4B-00C04F79EFBC}") = "Metodlar4", "Metodlar4\Metodlar4.csproj", "{5FC658B5-B9CC-49B1-8B46-C4E7A960B7AD}"
EndProject
Global
	GlobalSection(SolutionConfigurationPlatforms) = preSolution
		Debug|Any CPU = Debug|Any CPU
		Release|Any CPU = Release|Any CPU
	EndGlobalSection
	GlobalSection(ProjectConfigurationPlatforms) = postSolution
		{5FC658B5-B9CC-49B1-8B46-C4E7A960B7AD}.Debug|Any CPU.ActiveCfg = Debug|Any CPU
		{5FC658B5-B9CC-49B1-8B46-C4E7A960B7AD}.Debug|Any CPU.Build.0 = Debug|Any CPU
		{5FC658B5-B9CC-49B1-8B46-C4E7A960B7AD}.Release|Any CPU.ActiveCfg = Release|Any CPU
		{5FC658B5-B9CC-49B1-8B46-C4E7A960B7AD}.Release|Any CPU.Build.0 = Release|Any CPU
	EndGlobalSection
	GlobalSection(SolutionProperties) = preSolution
		HideSolutionNode = FALSE
	EndGlobalSection
	GlobalSection(ExtensibilityGlobals) = postSolution
		SolutionGuid = {B84B11B6-80D8-4DDA-8F76-0587F2E4694B}
	EndGlobalSection
EndGlobal
