
Microsoft Visual Studio Solution File, Format Version 12.00
# Visual Studio Version 17
VisualStudioVersion = 17.7.34221.43
MinimumVisualStudioVersion = 10.0.40219.1
Project("{FAE04EC0-301F-11D3-BF4B-00C04F79EFBC}") = "donguler", "donguler\donguler.csproj", "{5130ADC8-A434-40E0-B781-C02D6D596575}"
EndProject
Global
	GlobalSection(SolutionConfigurationPlatforms) = preSolution
		Debug|Any CPU = Debug|Any CPU
		Release|Any CPU = Release|Any CPU
	EndGlobalSection
	GlobalSection(ProjectConfigurationPlatforms) = postSolution
		{5130ADC8-A434-40E0-B781-C02D6D596575}.Debug|Any CPU.ActiveCfg = Debug|Any CPU
		{5130ADC8-A434-40E0-B781-C02D6D596575}.Debug|Any CPU.Build.0 = Debug|Any CPU
		{5130ADC8-A434-40E0-B781-C02D6D596575}.Release|Any CPU.ActiveCfg = Release|Any CPU
		{5130ADC8-A434-40E0-B781-C02D6D596575}.Release|Any CPU.Build.0 = Release|Any CPU
	EndGlobalSection
	GlobalSection(SolutionProperties) = preSolution
		HideSolutionNode = FALSE
	EndGlobalSection
	GlobalSection(ExtensibilityGlobals) = postSolution
		SolutionGuid = {DDBC9E90-B5CD-4567-B769-0812A589EBB6}
	EndGlobalSection
EndGlobal
