
Microsoft Visual Studio Solution File, Format Version 12.00
# Visual Studio Version 17
VisualStudioVersion = 17.7.34009.444
MinimumVisualStudioVersion = 10.0.40219.1
Project("{FAE04EC0-301F-11D3-BF4B-00C04F79EFBC}") = "Class2", "Class2\Class2.csproj", "{55FEBDD1-3067-4EF6-BA70-296686C71481}"
EndProject
Global
	GlobalSection(SolutionConfigurationPlatforms) = preSolution
		Debug|Any CPU = Debug|Any CPU
		Release|Any CPU = Release|Any CPU
	EndGlobalSection
	GlobalSection(ProjectConfigurationPlatforms) = postSolution
		{55FEBDD1-3067-4EF6-BA70-296686C71481}.Debug|Any CPU.ActiveCfg = Debug|Any CPU
		{55FEBDD1-3067-4EF6-BA70-296686C71481}.Debug|Any CPU.Build.0 = Debug|Any CPU
		{55FEBDD1-3067-4EF6-BA70-296686C71481}.Release|Any CPU.ActiveCfg = Release|Any CPU
		{55FEBDD1-3067-4EF6-BA70-296686C71481}.Release|Any CPU.Build.0 = Release|Any CPU
	EndGlobalSection
	GlobalSection(SolutionProperties) = preSolution
		HideSolutionNode = FALSE
	EndGlobalSection
	GlobalSection(ExtensibilityGlobals) = postSolution
		SolutionGuid = {962A0686-8082-4AD3-972F-B963F7B4FB93}
	EndGlobalSection
EndGlobal
