
Microsoft Visual Studio Solution File, Format Version 12.00
# Visual Studio Version 17
VisualStudioVersion = 17.7.34009.444
MinimumVisualStudioVersion = 10.0.40219.1
Project("{FAE04EC0-301F-11D3-BF4B-00C04F79EFBC}") = "Metodlar2", "Metodlar2\Metodlar2.csproj", "{F2F1DBC3-1DC9-4321-87A8-26E438707A4B}"
EndProject
Global
	GlobalSection(SolutionConfigurationPlatforms) = preSolution
		Debug|Any CPU = Debug|Any CPU
		Release|Any CPU = Release|Any CPU
	EndGlobalSection
	GlobalSection(ProjectConfigurationPlatforms) = postSolution
		{F2F1DBC3-1DC9-4321-87A8-26E438707A4B}.Debug|Any CPU.ActiveCfg = Debug|Any CPU
		{F2F1DBC3-1DC9-4321-87A8-26E438707A4B}.Debug|Any CPU.Build.0 = Debug|Any CPU
		{F2F1DBC3-1DC9-4321-87A8-26E438707A4B}.Release|Any CPU.ActiveCfg = Release|Any CPU
		{F2F1DBC3-1DC9-4321-87A8-26E438707A4B}.Release|Any CPU.Build.0 = Release|Any CPU
	EndGlobalSection
	GlobalSection(SolutionProperties) = preSolution
		HideSolutionNode = FALSE
	EndGlobalSection
	GlobalSection(ExtensibilityGlobals) = postSolution
		SolutionGuid = {B5BEB422-9FF2-411F-A69E-40E4B1F59337}
	EndGlobalSection
EndGlobal
